
Microsoft Visual Studio Solution File, Format Version 12.00
# Visual Studio Version 16
VisualStudioVersion = 16.0.31624.102
MinimumVisualStudioVersion = 10.0.40219.1
Project("{FAE04EC0-301F-11D3-BF4B-00C04F79EFBC}") = "proyect1", "proyect1\proyect1.csproj", "{B6A4B874-6696-40A9-A134-2E29FE24D921}"
EndProject
Global
	GlobalSection(SolutionConfigurationPlatforms) = preSolution
		Debug|Any CPU = Debug|Any CPU
		Debug|x86 = Debug|x86
		Release|Any CPU = Release|Any CPU
		Release|x86 = Release|x86
	EndGlobalSection
	GlobalSection(ProjectConfigurationPlatforms) = postSolution
		{B6A4B874-6696-40A9-A134-2E29FE24D921}.Debug|Any CPU.ActiveCfg = Debug|Any CPU
		{B6A4B874-6696-40A9-A134-2E29FE24D921}.Debug|Any CPU.Build.0 = Debug|Any CPU
		{B6A4B874-6696-40A9-A134-2E29FE24D921}.Debug|x86.ActiveCfg = Debug|x86
		{B6A4B874-6696-40A9-A134-2E29FE24D921}.Debug|x86.Build.0 = Debug|x86
		{B6A4B874-6696-40A9-A134-2E29FE24D921}.Release|Any CPU.ActiveCfg = Release|Any CPU
		{B6A4B874-6696-40A9-A134-2E29FE24D921}.Release|Any CPU.Build.0 = Release|Any CPU
		{B6A4B874-6696-40A9-A134-2E29FE24D921}.Release|x86.ActiveCfg = Release|x86
		{B6A4B874-6696-40A9-A134-2E29FE24D921}.Release|x86.Build.0 = Release|x86
	EndGlobalSection
	GlobalSection(SolutionProperties) = preSolution
		HideSolutionNode = FALSE
	EndGlobalSection
	GlobalSection(ExtensibilityGlobals) = postSolution
		SolutionGuid = {C5C33DC2-9559-47FA-9B49-00F0548B70BB}
	EndGlobalSection
EndGlobal
